// !$*UTF8*$!
{
	archiveVersion = 1;
	classes = {
	};
	objectVersion = 48;
	objects = {

/* Begin PBXBuildFile section */
		16001A302177963C00422107 /* AppDelegate.swift in Sources */ = {isa = PBXBuildFile; fileRef = 16001A2F2177963C00422107 /* AppDelegate.swift */; };
		16001A352177963C00422107 /* Main.storyboard in Resources */ = {isa = PBXBuildFile; fileRef = 16001A332177963C00422107 /* Main.storyboard */; };
		16001A372177963C00422107 /* Assets.xcassets in Resources */ = {isa = PBXBuildFile; fileRef = 16001A362177963C00422107 /* Assets.xcassets */; };
		16001A3A2177963C00422107 /* LaunchScreen.storyboard in Resources */ = {isa = PBXBuildFile; fileRef = 16001A382177963C00422107 /* LaunchScreen.storyboard */; };
		6E4A5D07218CB6F70013F62A /* LocalAuthentication.framework in Frameworks */ = {isa = PBXBuildFile; fileRef = 6E4A5D06218CB6F70013F62A /* LocalAuthentication.framework */; };
		6E67B6E32180C97A00ABE358 /* PostCell.swift in Sources */ = {isa = PBXBuildFile; fileRef = 6E67B6E22180C97900ABE358 /* PostCell.swift */; };
		6EE556E121779A3A009E0C92 /* LogInViewController.swift in Sources */ = {isa = PBXBuildFile; fileRef = 6EE556E021779A3A009E0C92 /* LogInViewController.swift */; };
		6EE556E321779B4B009E0C92 /* GoogleService-Info.plist in Resources */ = {isa = PBXBuildFile; fileRef = 6EE556E221779B4B009E0C92 /* GoogleService-Info.plist */; };
		7F0AF2F9218457EA00DE0955 /* Reply.swift in Sources */ = {isa = PBXBuildFile; fileRef = 7F0AF2F8218457EA00DE0955 /* Reply.swift */; };
		7F3E61D52178266D0040AA93 /* NewPostViewController.swift in Sources */ = {isa = PBXBuildFile; fileRef = 7F3E61D42178266D0040AA93 /* NewPostViewController.swift */; };
		7F3E61D8217846370040AA93 /* Post.swift in Sources */ = {isa = PBXBuildFile; fileRef = 7F3E61D7217846370040AA93 /* Post.swift */; };
		7F3E61DA2178464B0040AA93 /* User.swift in Sources */ = {isa = PBXBuildFile; fileRef = 7F3E61D92178464A0040AA93 /* User.swift */; };
		7F3E61DC217854940040AA93 /* UserService.swift in Sources */ = {isa = PBXBuildFile; fileRef = 7F3E61DB217854940040AA93 /* UserService.swift */; };
		7F3E61DE217877430040AA93 /* PostViewController.swift in Sources */ = {isa = PBXBuildFile; fileRef = 7F3E61DD217877430040AA93 /* PostViewController.swift */; };
		7FB9ED892184FF7E008A029C /* ReplyCell.swift in Sources */ = {isa = PBXBuildFile; fileRef = 7FB9ED882184FF7E008A029C /* ReplyCell.swift */; };
		7FB9ED9121850EA2008A029C /* ReplyViewController.swift in Sources */ = {isa = PBXBuildFile; fileRef = 7FB9ED9021850EA2008A029C /* ReplyViewController.swift */; };
		BFA5A828DC332505CD822B71 /* Pods_AnonAdvice.framework in Frameworks */ = {isa = PBXBuildFile; fileRef = 0E2FBB942C5BBDFEA52C7EFA /* Pods_AnonAdvice.framework */; };
		C2250C39218811E000DB8D1A /* ProfileViewController.swift in Sources */ = {isa = PBXBuildFile; fileRef = C2250C38218811E000DB8D1A /* ProfileViewController.swift */; };
		C26AB77B217EBEBA0020C252 /* HomeViewController.swift in Sources */ = {isa = PBXBuildFile; fileRef = C26AB77A217EBEBA0020C252 /* HomeViewController.swift */; };
/* End PBXBuildFile section */

/* Begin PBXFileReference section */
		0E2FBB942C5BBDFEA52C7EFA /* Pods_AnonAdvice.framework */ = {isa = PBXFileReference; explicitFileType = wrapper.framework; includeInIndex = 0; path = Pods_AnonAdvice.framework; sourceTree = BUILT_PRODUCTS_DIR; };
		16001A2C2177963C00422107 /* AnonAdvice.app */ = {isa = PBXFileReference; explicitFileType = wrapper.application; includeInIndex = 0; path = AnonAdvice.app; sourceTree = BUILT_PRODUCTS_DIR; };
		16001A2F2177963C00422107 /* AppDelegate.swift */ = {isa = PBXFileReference; lastKnownFileType = sourcecode.swift; path = AppDelegate.swift; sourceTree = "<group>"; };
		16001A342177963C00422107 /* Base */ = {isa = PBXFileReference; lastKnownFileType = file.storyboard; name = Base; path = Base.lproj/Main.storyboard; sourceTree = "<group>"; };
		16001A362177963C00422107 /* Assets.xcassets */ = {isa = PBXFileReference; lastKnownFileType = folder.assetcatalog; path = Assets.xcassets; sourceTree = "<group>"; };
		16001A392177963C00422107 /* Base */ = {isa = PBXFileReference; lastKnownFileType = file.storyboard; name = Base; path = Base.lproj/LaunchScreen.storyboard; sourceTree = "<group>"; };
		16001A3B2177963C00422107 /* Info.plist */ = {isa = PBXFileReference; lastKnownFileType = text.plist.xml; path = Info.plist; sourceTree = "<group>"; };
		3A449EAC7B0D43C41876EDE3 /* Pods-AnonAdvice.debug.xcconfig */ = {isa = PBXFileReference; includeInIndex = 1; lastKnownFileType = text.xcconfig; name = "Pods-AnonAdvice.debug.xcconfig"; path = "Pods/Target Support Files/Pods-AnonAdvice/Pods-AnonAdvice.debug.xcconfig"; sourceTree = "<group>"; };
		6E4A5D06218CB6F70013F62A /* LocalAuthentication.framework */ = {isa = PBXFileReference; lastKnownFileType = wrapper.framework; name = LocalAuthentication.framework; path = System/Library/Frameworks/LocalAuthentication.framework; sourceTree = SDKROOT; };
		6E67B6E22180C97900ABE358 /* PostCell.swift */ = {isa = PBXFileReference; lastKnownFileType = sourcecode.swift; path = PostCell.swift; sourceTree = "<group>"; };
		6EE556E021779A3A009E0C92 /* LogInViewController.swift */ = {isa = PBXFileReference; lastKnownFileType = sourcecode.swift; path = LogInViewController.swift; sourceTree = "<group>"; };
		6EE556E221779B4B009E0C92 /* GoogleService-Info.plist */ = {isa = PBXFileReference; fileEncoding = 4; lastKnownFileType = text.plist.xml; path = "GoogleService-Info.plist"; sourceTree = "<group>"; };
		7F0AF2F8218457EA00DE0955 /* Reply.swift */ = {isa = PBXFileReference; lastKnownFileType = sourcecode.swift; path = Reply.swift; sourceTree = "<group>"; };
		7F3E61D42178266D0040AA93 /* NewPostViewController.swift */ = {isa = PBXFileReference; lastKnownFileType = sourcecode.swift; path = NewPostViewController.swift; sourceTree = "<group>"; };
		7F3E61D7217846370040AA93 /* Post.swift */ = {isa = PBXFileReference; lastKnownFileType = sourcecode.swift; path = Post.swift; sourceTree = "<group>"; };
		7F3E61D92178464A0040AA93 /* User.swift */ = {isa = PBXFileReference; lastKnownFileType = sourcecode.swift; path = User.swift; sourceTree = "<group>"; };
		7F3E61DB217854940040AA93 /* UserService.swift */ = {isa = PBXFileReference; lastKnownFileType = sourcecode.swift; path = UserService.swift; sourceTree = "<group>"; };
		7F3E61DD217877430040AA93 /* PostViewController.swift */ = {isa = PBXFileReference; lastKnownFileType = sourcecode.swift; path = PostViewController.swift; sourceTree = "<group>"; };
		7FB9ED882184FF7E008A029C /* ReplyCell.swift */ = {isa = PBXFileReference; lastKnownFileType = sourcecode.swift; path = ReplyCell.swift; sourceTree = "<group>"; };
		7FB9ED9021850EA2008A029C /* ReplyViewController.swift */ = {isa = PBXFileReference; lastKnownFileType = sourcecode.swift; path = ReplyViewController.swift; sourceTree = "<group>"; };
		C2250C38218811E000DB8D1A /* ProfileViewController.swift */ = {isa = PBXFileReference; lastKnownFileType = sourcecode.swift; path = ProfileViewController.swift; sourceTree = "<group>"; };
		C26AB77A217EBEBA0020C252 /* HomeViewController.swift */ = {isa = PBXFileReference; lastKnownFileType = sourcecode.swift; path = HomeViewController.swift; sourceTree = "<group>"; };
		E3741B985EDF8303E6A05705 /* Pods-AnonAdvice.release.xcconfig */ = {isa = PBXFileReference; includeInIndex = 1; lastKnownFileType = text.xcconfig; name = "Pods-AnonAdvice.release.xcconfig"; path = "Pods/Target Support Files/Pods-AnonAdvice/Pods-AnonAdvice.release.xcconfig"; sourceTree = "<group>"; };
/* End PBXFileReference section */

/* Begin PBXFrameworksBuildPhase section */
		16001A292177963C00422107 /* Frameworks */ = {
			isa = PBXFrameworksBuildPhase;
			buildActionMask = 2147483647;
			files = (
				6E4A5D07218CB6F70013F62A /* LocalAuthentication.framework in Frameworks */,
				BFA5A828DC332505CD822B71 /* Pods_AnonAdvice.framework in Frameworks */,
			);
			runOnlyForDeploymentPostprocessing = 0;
		};
/* End PBXFrameworksBuildPhase section */

/* Begin PBXGroup section */
		16001A232177963C00422107 = {
			isa = PBXGroup;
			children = (
				16001A2E2177963C00422107 /* AnonAdvice */,
				16001A2D2177963C00422107 /* Products */,
				16CF5935BB754208F66BEA03 /* Pods */,
				C37040EF7E22C1BFCEC68D55 /* Frameworks */,
			);
			sourceTree = "<group>";
		};
		16001A2D2177963C00422107 /* Products */ = {
			isa = PBXGroup;
			children = (
				16001A2C2177963C00422107 /* AnonAdvice.app */,
			);
			name = Products;
			sourceTree = "<group>";
		};
		16001A2E2177963C00422107 /* AnonAdvice */ = {
			isa = PBXGroup;
			children = (
				6E67B6E12180C95C00ABE358 /* View */,
				7F3E61D6217844500040AA93 /* Models */,
				7F3E61D3217825B50040AA93 /* Controllers */,
				16001A2F2177963C00422107 /* AppDelegate.swift */,
				16001A332177963C00422107 /* Main.storyboard */,
				16001A362177963C00422107 /* Assets.xcassets */,
				16001A382177963C00422107 /* LaunchScreen.storyboard */,
				16001A3B2177963C00422107 /* Info.plist */,
				6EE556E221779B4B009E0C92 /* GoogleService-Info.plist */,
				7F3E61DB217854940040AA93 /* UserService.swift */,
			);
			path = AnonAdvice;
			sourceTree = "<group>";
		};
		16CF5935BB754208F66BEA03 /* Pods */ = {
			isa = PBXGroup;
			children = (
				3A449EAC7B0D43C41876EDE3 /* Pods-AnonAdvice.debug.xcconfig */,
				E3741B985EDF8303E6A05705 /* Pods-AnonAdvice.release.xcconfig */,
			);
			name = Pods;
			sourceTree = "<group>";
		};
		6E67B6E12180C95C00ABE358 /* View */ = {
			isa = PBXGroup;
			children = (
				6E67B6E22180C97900ABE358 /* PostCell.swift */,
				7FB9ED882184FF7E008A029C /* ReplyCell.swift */,
			);
			path = View;
			sourceTree = "<group>";
		};
		7F3E61D3217825B50040AA93 /* Controllers */ = {
			isa = PBXGroup;
			children = (
				6EE556E021779A3A009E0C92 /* LogInViewController.swift */,
				C26AB77A217EBEBA0020C252 /* HomeViewController.swift */,
				7F3E61D42178266D0040AA93 /* NewPostViewController.swift */,
				7F3E61DD217877430040AA93 /* PostViewController.swift */,
				7FB9ED9021850EA2008A029C /* ReplyViewController.swift */,
				C2250C38218811E000DB8D1A /* ProfileViewController.swift */,
			);
			path = Controllers;
			sourceTree = "<group>";
		};
		7F3E61D6217844500040AA93 /* Models */ = {
			isa = PBXGroup;
			children = (
				7F3E61D7217846370040AA93 /* Post.swift */,
				7F3E61D92178464A0040AA93 /* User.swift */,
				7F0AF2F8218457EA00DE0955 /* Reply.swift */,
			);
			path = Models;
			sourceTree = "<group>";
		};
		C37040EF7E22C1BFCEC68D55 /* Frameworks */ = {
			isa = PBXGroup;
			children = (
				6E4A5D06218CB6F70013F62A /* LocalAuthentication.framework */,
				0E2FBB942C5BBDFEA52C7EFA /* Pods_AnonAdvice.framework */,
			);
			name = Frameworks;
			sourceTree = "<group>";
		};
/* End PBXGroup section */

/* Begin PBXNativeTarget section */
		16001A2B2177963C00422107 /* AnonAdvice */ = {
			isa = PBXNativeTarget;
			buildConfigurationList = 16001A3E2177963C00422107 /* Build configuration list for PBXNativeTarget "AnonAdvice" */;
			buildPhases = (
				ABF008A89D331C9C2D0100AE /* [CP] Check Pods Manifest.lock */,
				16001A282177963C00422107 /* Sources */,
				16001A292177963C00422107 /* Frameworks */,
				16001A2A2177963C00422107 /* Resources */,
				D55F355338C714762DF788D8 /* [CP] Embed Pods Frameworks */,
				E8F9DEE9EAB9B6B0F5625356 /* [CP] Copy Pods Resources */,
			);
			buildRules = (
			);
			dependencies = (
			);
			name = AnonAdvice;
			productName = AnonAdvice;
			productReference = 16001A2C2177963C00422107 /* AnonAdvice.app */;
			productType = "com.apple.product-type.application";
		};
/* End PBXNativeTarget section */

/* Begin PBXProject section */
		16001A242177963C00422107 /* Project object */ = {
			isa = PBXProject;
			attributes = {
				LastSwiftUpdateCheck = 0920;
				LastUpgradeCheck = 1000;
				ORGANIZATIONNAME = AnonAdvice;
				TargetAttributes = {
					16001A2B2177963C00422107 = {
						CreatedOnToolsVersion = 9.2;
						ProvisioningStyle = Automatic;
					};
				};
			};
			buildConfigurationList = 16001A272177963C00422107 /* Build configuration list for PBXProject "AnonAdvice" */;
			compatibilityVersion = "Xcode 8.0";
			developmentRegion = en;
			hasScannedForEncodings = 0;
			knownRegions = (
				en,
				Base,
			);
			mainGroup = 16001A232177963C00422107;
			productRefGroup = 16001A2D2177963C00422107 /* Products */;
			projectDirPath = "";
			projectRoot = "";
			targets = (
				16001A2B2177963C00422107 /* AnonAdvice */,
			);
		};
/* End PBXProject section */

/* Begin PBXResourcesBuildPhase section */
		16001A2A2177963C00422107 /* Resources */ = {
			isa = PBXResourcesBuildPhase;
			buildActionMask = 2147483647;
			files = (
				16001A3A2177963C00422107 /* LaunchScreen.storyboard in Resources */,
				16001A372177963C00422107 /* Assets.xcassets in Resources */,
				16001A352177963C00422107 /* Main.storyboard in Resources */,
				6EE556E321779B4B009E0C92 /* GoogleService-Info.plist in Resources */,
			);
			runOnlyForDeploymentPostprocessing = 0;
		};
/* End PBXResourcesBuildPhase section */

/* Begin PBXShellScriptBuildPhase section */
		ABF008A89D331C9C2D0100AE /* [CP] Check Pods Manifest.lock */ = {
			isa = PBXShellScriptBuildPhase;
			buildActionMask = 2147483647;
			files = (
			);
			inputFileListPaths = (
			);
			inputPaths = (
				"${PODS_PODFILE_DIR_PATH}/Podfile.lock",
				"${PODS_ROOT}/Manifest.lock",
			);
			name = "[CP] Check Pods Manifest.lock";
			outputFileListPaths = (
			);
			outputPaths = (
				"$(DERIVED_FILE_DIR)/Pods-AnonAdvice-checkManifestLockResult.txt",
			);
			runOnlyForDeploymentPostprocessing = 0;
			shellPath = /bin/sh;
			shellScript = "diff \"${PODS_PODFILE_DIR_PATH}/Podfile.lock\" \"${PODS_ROOT}/Manifest.lock\" > /dev/null\nif [ $? != 0 ] ; then\n    # print error to STDERR\n    echo \"error: The sandbox is not in sync with the Podfile.lock. Run 'pod install' or update your CocoaPods installation.\" >&2\n    exit 1\nfi\n# This output is used by Xcode 'outputs' to avoid re-running this script phase.\necho \"SUCCESS\" > \"${SCRIPT_OUTPUT_FILE_0}\"\n";
			showEnvVarsInLog = 0;
		};
		D55F355338C714762DF788D8 /* [CP] Embed Pods Frameworks */ = {
			isa = PBXShellScriptBuildPhase;
			buildActionMask = 2147483647;
			files = (
			);
			inputFileListPaths = (
			);
			inputPaths = (
				"${SRCROOT}/Pods/Target Support Files/Pods-AnonAdvice/Pods-AnonAdvice-frameworks.sh",
				"${BUILT_PRODUCTS_DIR}/DateToolsSwift/DateToolsSwift.framework",
				"${BUILT_PRODUCTS_DIR}/GTMSessionFetcher/GTMSessionFetcher.framework",
				"${BUILT_PRODUCTS_DIR}/GoogleUtilities/GoogleUtilities.framework",
				"${BUILT_PRODUCTS_DIR}/leveldb-library/leveldb.framework",
				"${BUILT_PRODUCTS_DIR}/nanopb/nanopb.framework",
			);
			name = "[CP] Embed Pods Frameworks";
			outputFileListPaths = (
			);
			outputPaths = (
				"${TARGET_BUILD_DIR}/${FRAMEWORKS_FOLDER_PATH}/DateToolsSwift.framework",
				"${TARGET_BUILD_DIR}/${FRAMEWORKS_FOLDER_PATH}/GTMSessionFetcher.framework",
				"${TARGET_BUILD_DIR}/${FRAMEWORKS_FOLDER_PATH}/GoogleUtilities.framework",
				"${TARGET_BUILD_DIR}/${FRAMEWORKS_FOLDER_PATH}/leveldb.framework",
				"${TARGET_BUILD_DIR}/${FRAMEWORKS_FOLDER_PATH}/nanopb.framework",
			);
			runOnlyForDeploymentPostprocessing = 0;
			shellPath = /bin/sh;
			shellScript = "\"${SRCROOT}/Pods/Target Support Files/Pods-AnonAdvice/Pods-AnonAdvice-frameworks.sh\"\n";
			showEnvVarsInLog = 0;
		};
		E8F9DEE9EAB9B6B0F5625356 /* [CP] Copy Pods Resources */ = {
			isa = PBXShellScriptBuildPhase;
			buildActionMask = 2147483647;
			files = (
			);
			inputFileListPaths = (
			);
			inputPaths = (
				"${SRCROOT}/Pods/Target Support Files/Pods-AnonAdvice/Pods-AnonAdvice-resources.sh",
				"${PODS_ROOT}/GoogleMaps/Maps/Frameworks/GoogleMaps.framework/Resources/GoogleMaps.bundle",
				"${PODS_ROOT}/GooglePlacePicker/Frameworks/GooglePlacePicker.framework/Resources/GooglePlacePicker.bundle",
				"${PODS_ROOT}/GooglePlaces/Frameworks/GooglePlaces.framework/Resources/GooglePlaces.bundle",
			);
			name = "[CP] Copy Pods Resources";
			outputFileListPaths = (
			);
			outputPaths = (
				"${TARGET_BUILD_DIR}/${UNLOCALIZED_RESOURCES_FOLDER_PATH}/GoogleMaps.bundle",
				"${TARGET_BUILD_DIR}/${UNLOCALIZED_RESOURCES_FOLDER_PATH}/GooglePlacePicker.bundle",
				"${TARGET_BUILD_DIR}/${UNLOCALIZED_RESOURCES_FOLDER_PATH}/GooglePlaces.bundle",
			);
			runOnlyForDeploymentPostprocessing = 0;
			shellPath = /bin/sh;
			shellScript = "\"${SRCROOT}/Pods/Target Support Files/Pods-AnonAdvice/Pods-AnonAdvice-resources.sh\"\n";
			showEnvVarsInLog = 0;
		};
/* End PBXShellScriptBuildPhase section */

/* Begin PBXSourcesBuildPhase section */
		16001A282177963C00422107 /* Sources */ = {
			isa = PBXSourcesBuildPhase;
			buildActionMask = 2147483647;
			files = (
				7F3E61D52178266D0040AA93 /* NewPostViewController.swift in Sources */,
				6EE556E121779A3A009E0C92 /* LogInViewController.swift in Sources */,
				7F3E61DE217877430040AA93 /* PostViewController.swift in Sources */,
				C26AB77B217EBEBA0020C252 /* HomeViewController.swift in Sources */,
				7F3E61DC217854940040AA93 /* UserService.swift in Sources */,
				6E67B6E32180C97A00ABE358 /* PostCell.swift in Sources */,
				7F0AF2F9218457EA00DE0955 /* Reply.swift in Sources */,
				7FB9ED9121850EA2008A029C /* ReplyViewController.swift in Sources */,
				16001A302177963C00422107 /* AppDelegate.swift in Sources */,
				7F3E61DA2178464B0040AA93 /* User.swift in Sources */,
				C2250C39218811E000DB8D1A /* ProfileViewController.swift in Sources */,
				7F3E61D8217846370040AA93 /* Post.swift in Sources */,
				7FB9ED892184FF7E008A029C /* ReplyCell.swift in Sources */,
			);
			runOnlyForDeploymentPostprocessing = 0;
		};
/* End PBXSourcesBuildPhase section */

/* Begin PBXVariantGroup section */
		16001A332177963C00422107 /* Main.storyboard */ = {
			isa = PBXVariantGroup;
			children = (
				16001A342177963C00422107 /* Base */,
			);
			name = Main.storyboard;
			sourceTree = "<group>";
		};
		16001A382177963C00422107 /* LaunchScreen.storyboard */ = {
			isa = PBXVariantGroup;
			children = (
				16001A392177963C00422107 /* Base */,
			);
			name = LaunchScreen.storyboard;
			sourceTree = "<group>";
		};
/* End PBXVariantGroup section */

/* Begin XCBuildConfiguration section */
		16001A3C2177963C00422107 /* Debug */ = {
			isa = XCBuildConfiguration;
			buildSettings = {
				ALWAYS_SEARCH_USER_PATHS = NO;
				CLANG_ANALYZER_NONNULL = YES;
				CLANG_ANALYZER_NUMBER_OBJECT_CONVERSION = YES_AGGRESSIVE;
				CLANG_CXX_LANGUAGE_STANDARD = "gnu++14";
				CLANG_CXX_LIBRARY = "libc++";
				CLANG_ENABLE_MODULES = YES;
				CLANG_ENABLE_OBJC_ARC = YES;
				CLANG_WARN_BLOCK_CAPTURE_AUTORELEASING = YES;
				CLANG_WARN_BOOL_CONVERSION = YES;
				CLANG_WARN_COMMA = YES;
				CLANG_WARN_CONSTANT_CONVERSION = YES;
				CLANG_WARN_DEPRECATED_OBJC_IMPLEMENTATIONS = YES;
				CLANG_WARN_DIRECT_OBJC_ISA_USAGE = YES_ERROR;
				CLANG_WARN_DOCUMENTATION_COMMENTS = YES;
				CLANG_WARN_EMPTY_BODY = YES;
				CLANG_WARN_ENUM_CONVERSION = YES;
				CLANG_WARN_INFINITE_RECURSION = YES;
				CLANG_WARN_INT_CONVERSION = YES;
				CLANG_WARN_NON_LITERAL_NULL_CONVERSION = YES;
				CLANG_WARN_OBJC_IMPLICIT_RETAIN_SELF = YES;
				CLANG_WARN_OBJC_LITERAL_CONVERSION = YES;
				CLANG_WARN_OBJC_ROOT_CLASS = YES_ERROR;
				CLANG_WARN_RANGE_LOOP_ANALYSIS = YES;
				CLANG_WARN_STRICT_PROTOTYPES = YES;
				CLANG_WARN_SUSPICIOUS_MOVE = YES;
				CLANG_WARN_UNGUARDED_AVAILABILITY = YES_AGGRESSIVE;
				CLANG_WARN_UNREACHABLE_CODE = YES;
				CLANG_WARN__DUPLICATE_METHOD_MATCH = YES;
				CODE_SIGN_IDENTITY = "iPhone Developer";
				COPY_PHASE_STRIP = NO;
				DEBUG_INFORMATION_FORMAT = dwarf;
				ENABLE_STRICT_OBJC_MSGSEND = YES;
				ENABLE_TESTABILITY = YES;
				GCC_C_LANGUAGE_STANDARD = gnu11;
				GCC_DYNAMIC_NO_PIC = NO;
				GCC_NO_COMMON_BLOCKS = YES;
				GCC_OPTIMIZATION_LEVEL = 0;
				GCC_PREPROCESSOR_DEFINITIONS = (
					"DEBUG=1",
					"$(inherited)",
				);
				GCC_WARN_64_TO_32_BIT_CONVERSION = YES;
				GCC_WARN_ABOUT_RETURN_TYPE = YES_ERROR;
				GCC_WARN_UNDECLARED_SELECTOR = YES;
				GCC_WARN_UNINITIALIZED_AUTOS = YES_AGGRESSIVE;
				GCC_WARN_UNUSED_FUNCTION = YES;
				GCC_WARN_UNUSED_VARIABLE = YES;
				IPHONEOS_DEPLOYMENT_TARGET = 11.2;
				MTL_ENABLE_DEBUG_INFO = YES;
				ONLY_ACTIVE_ARCH = YES;
				SDKROOT = iphoneos;
				SWIFT_ACTIVE_COMPILATION_CONDITIONS = DEBUG;
				SWIFT_OPTIMIZATION_LEVEL = "-Onone";
			};
			name = Debug;
		};
		16001A3D2177963C00422107 /* Release */ = {
			isa = XCBuildConfiguration;
			buildSettings = {
				ALWAYS_SEARCH_USER_PATHS = NO;
				CLANG_ANALYZER_NONNULL = YES;
				CLANG_ANALYZER_NUMBER_OBJECT_CONVERSION = YES_AGGRESSIVE;
				CLANG_CXX_LANGUAGE_STANDARD = "gnu++14";
				CLANG_CXX_LIBRARY = "libc++";
				CLANG_ENABLE_MODULES = YES;
				CLANG_ENABLE_OBJC_ARC = YES;
				CLANG_WARN_BLOCK_CAPTURE_AUTORELEASING = YES;
				CLANG_WARN_BOOL_CONVERSION = YES;
				CLANG_WARN_COMMA = YES;
				CLANG_WARN_CONSTANT_CONVERSION = YES;
				CLANG_WARN_DEPRECATED_OBJC_IMPLEMENTATIONS = YES;
				CLANG_WARN_DIRECT_OBJC_ISA_USAGE = YES_ERROR;
				CLANG_WARN_DOCUMENTATION_COMMENTS = YES;
				CLANG_WARN_EMPTY_BODY = YES;
				CLANG_WARN_ENUM_CONVERSION = YES;
				CLANG_WARN_INFINITE_RECURSION = YES;
				CLANG_WARN_INT_CONVERSION = YES;
				CLANG_WARN_NON_LITERAL_NULL_CONVERSION = YES;
				CLANG_WARN_OBJC_IMPLICIT_RETAIN_SELF = YES;
				CLANG_WARN_OBJC_LITERAL_CONVERSION = YES;
				CLANG_WARN_OBJC_ROOT_CLASS = YES_ERROR;
				CLANG_WARN_RANGE_LOOP_ANALYSIS = YES;
				CLANG_WARN_STRICT_PROTOTYPES = YES;
				CLANG_WARN_SUSPICIOUS_MOVE = YES;
				CLANG_WARN_UNGUARDED_AVAILABILITY = YES_AGGRESSIVE;
				CLANG_WARN_UNREACHABLE_CODE = YES;
				CLANG_WARN__DUPLICATE_METHOD_MATCH = YES;
				CODE_SIGN_IDENTITY = "iPhone Developer";
				COPY_PHASE_STRIP = NO;
				DEBUG_INFORMATION_FORMAT = "dwarf-with-dsym";
				ENABLE_NS_ASSERTIONS = NO;
				ENABLE_STRICT_OBJC_MSGSEND = YES;
				GCC_C_LANGUAGE_STANDARD = gnu11;
				GCC_NO_COMMON_BLOCKS = YES;
				GCC_WARN_64_TO_32_BIT_CONVERSION = YES;
				GCC_WARN_ABOUT_RETURN_TYPE = YES_ERROR;
				GCC_WARN_UNDECLARED_SELECTOR = YES;
				GCC_WARN_UNINITIALIZED_AUTOS = YES_AGGRESSIVE;
				GCC_WARN_UNUSED_FUNCTION = YES;
				GCC_WARN_UNUSED_VARIABLE = YES;
				IPHONEOS_DEPLOYMENT_TARGET = 11.2;
				MTL_ENABLE_DEBUG_INFO = NO;
				SDKROOT = iphoneos;
				SWIFT_OPTIMIZATION_LEVEL = "-Owholemodule";
				VALIDATE_PRODUCT = YES;
			};
			name = Release;
		};
		16001A3F2177963C00422107 /* Debug */ = {
			isa = XCBuildConfiguration;
			baseConfigurationReference = 3A449EAC7B0D43C41876EDE3 /* Pods-AnonAdvice.debug.xcconfig */;
			buildSettings = {
				ASSETCATALOG_COMPILER_APPICON_NAME = AppIcon;
				CODE_SIGN_STYLE = Automatic;
				DEVELOPMENT_TEAM = GT744LDV6K;
				INFOPLIST_FILE = AnonAdvice/Info.plist;
				LD_RUNPATH_SEARCH_PATHS = "$(inherited) @executable_path/Frameworks";
				PRODUCT_BUNDLE_IDENTIFIER = com.codepath.AnonAdvice;
				PRODUCT_NAME = "$(TARGET_NAME)";
				SWIFT_VERSION = 4.0;
				TARGETED_DEVICE_FAMILY = "1,2";
			};
			name = Debug;
		};
		16001A402177963C00422107 /* Release */ = {
			isa = XCBuildConfiguration;
			baseConfigurationReference = E3741B985EDF8303E6A05705 /* Pods-AnonAdvice.release.xcconfig */;
			buildSettings = {
				ASSETCATALOG_COMPILER_APPICON_NAME = AppIcon;
				CODE_SIGN_STYLE = Automatic;
				DEVELOPMENT_TEAM = GT744LDV6K;
				INFOPLIST_FILE = AnonAdvice/Info.plist;
				LD_RUNPATH_SEARCH_PATHS = "$(inherited) @executable_path/Frameworks";
				PRODUCT_BUNDLE_IDENTIFIER = com.codepath.AnonAdvice;
				PRODUCT_NAME = "$(TARGET_NAME)";
				SWIFT_VERSION = 4.0;
				TARGETED_DEVICE_FAMILY = "1,2";
			};
			name = Release;
		};
/* End XCBuildConfiguration section */

/* Begin XCConfigurationList section */
		16001A272177963C00422107 /* Build configuration list for PBXProject "AnonAdvice" */ = {
			isa = XCConfigurationList;
			buildConfigurations = (
				16001A3C2177963C00422107 /* Debug */,
				16001A3D2177963C00422107 /* Release */,
			);
			defaultConfigurationIsVisible = 0;
			defaultConfigurationName = Release;
		};
		16001A3E2177963C00422107 /* Build configuration list for PBXNativeTarget "AnonAdvice" */ = {
			isa = XCConfigurationList;
			buildConfigurations = (
				16001A3F2177963C00422107 /* Debug */,
				16001A402177963C00422107 /* Release */,
			);
			defaultConfigurationIsVisible = 0;
			defaultConfigurationName = Release;
		};
/* End XCConfigurationList section */
	};
	rootObject = 16001A242177963C00422107 /* Project object */;
}
